
Microsoft Visual Studio Solution File, Format Version 12.00
# Visual Studio Version 17
VisualStudioVersion = 17.3.32929.385
MinimumVisualStudioVersion = 10.0.40219.1
Project("{FAE04EC0-301F-11D3-BF4B-00C04F79EFBC}") = "PlzSuperTool", "PlzSuperTool\PlzSuperTool.csproj", "{38DEB195-A03E-4E6D-8C5B-5BE194A57E74}"
EndProject
Global
	GlobalSection(SolutionConfigurationPlatforms) = preSolution
		Debug|Any CPU = Debug|Any CPU
		Release|Any CPU = Release|Any CPU
	EndGlobalSection
	GlobalSection(ProjectConfigurationPlatforms) = postSolution
		{38DEB195-A03E-4E6D-8C5B-5BE194A57E74}.Debug|Any CPU.ActiveCfg = Debug|Any CPU
		{38DEB195-A03E-4E6D-8C5B-5BE194A57E74}.Debug|Any CPU.Build.0 = Debug|Any CPU
		{38DEB195-A03E-4E6D-8C5B-5BE194A57E74}.Release|Any CPU.ActiveCfg = Release|Any CPU
		{38DEB195-A03E-4E6D-8C5B-5BE194A57E74}.Release|Any CPU.Build.0 = Release|Any CPU
	EndGlobalSection
	GlobalSection(SolutionProperties) = preSolution
		HideSolutionNode = FALSE
	EndGlobalSection
	GlobalSection(ExtensibilityGlobals) = postSolution
		SolutionGuid = {5ECD1B27-41C6-4B98-9BE0-A062486E7781}
	EndGlobalSection
EndGlobal
